{
  "version": "4",
  "specifiers": {
    "jsr:@hviana/deno-kv-fs@^1.0.1": "1.0.1",
    "jsr:@oak/commons@1": "1.0.0",
    "jsr:@oak/oak@*": "17.1.4",
    "jsr:@std/assert@1": "1.0.10",
    "jsr:@std/async@^1.0.7": "1.0.9",
    "jsr:@std/bytes@1": "1.0.4",
    "jsr:@std/bytes@^1.0.2": "1.0.4",
    "jsr:@std/cli@*": "1.0.9",
    "jsr:@std/crypto@1": "1.0.3",
    "jsr:@std/crypto@^1.0.3": "1.0.3",
    "jsr:@std/encoding@*": "1.0.6",
    "jsr:@std/encoding@1": "1.0.6",
    "jsr:@std/encoding@^1.0.5": "1.0.6",
    "jsr:@std/fmt@0.223": "0.223.0",
    "jsr:@std/fs@^1.0.5": "1.0.8",
    "jsr:@std/http@1": "1.0.12",
    "jsr:@std/http@^1.0.9": "1.0.12",
    "jsr:@std/io@0.225": "0.225.0",
    "jsr:@std/json@0.223.0": "0.223.0",
    "jsr:@std/json@0.224.0": "0.224.0",
    "jsr:@std/media-types@1": "1.1.0",
    "jsr:@std/path@1": "1.0.8",
    "jsr:@std/path@^1.0.7": "1.0.8",
    "jsr:@std/path@^1.0.8": "1.0.8",
    "npm:@types/node@*": "22.5.4",
    "npm:path-to-regexp@^6.3.0": "6.3.0"
  },
  "jsr": {
    "@hviana/deno-kv-fs@1.0.1": {
      "integrity": "0872a7fb200cb3a716ec0314a8fbe8869e43d173a5ad82350f3cc3c8388d6bf1",
      "dependencies": [
        "jsr:@std/async"
      ]
    },
    "@oak/commons@1.0.0": {
      "integrity": "49805b55603c3627a9d6235c0655aa2b6222d3036b3a13ff0380c16368f607ac",
      "dependencies": [
        "jsr:@std/assert",
        "jsr:@std/bytes@1",
        "jsr:@std/crypto@1",
        "jsr:@std/encoding@1",
        "jsr:@std/http@1",
        "jsr:@std/media-types"
      ]
    },
    "@oak/oak@17.1.4": {
      "integrity": "60530b582bf276ff741e39cc664026781aa08dd5f2bc5134d756cc427bf2c13e",
      "dependencies": [
        "jsr:@oak/commons",
        "jsr:@std/assert",
        "jsr:@std/bytes@1",
        "jsr:@std/http@1",
        "jsr:@std/media-types",
        "jsr:@std/path@1",
        "npm:path-to-regexp"
      ]
    },
    "@std/assert@1.0.10": {
      "integrity": "59b5cbac5bd55459a19045d95cc7c2ff787b4f8527c0dd195078ff6f9481fbb3"
    },
    "@std/async@1.0.9": {
      "integrity": "c6472fd0623b3f3daae023cdf7ca5535e1b721dfbf376562c0c12b3fb4867f91"
    },
    "@std/bytes@1.0.4": {
      "integrity": "11a0debe522707c95c7b7ef89b478c13fb1583a7cfb9a85674cd2cc2e3a28abc"
    },
    "@std/cli@1.0.9": {
      "integrity": "557e5865af000efbf3f737dcfea5b8ab86453594f4a9cd8d08c9fa83d8e3f3bc"
    },
    "@std/crypto@1.0.3": {
      "integrity": "a2a32f51ddef632d299e3879cd027c630dcd4d1d9a5285d6e6788072f4e51e7f"
    },
    "@std/encoding@1.0.6": {
      "integrity": "ca87122c196e8831737d9547acf001766618e78cd8c33920776c7f5885546069"
    },
    "@std/fmt@0.223.0": {
      "integrity": "6deb37794127dfc7d7bded2586b9fc6f5d50e62a8134846608baf71ffc1a5208"
    },
    "@std/fs@1.0.8": {
      "integrity": "161c721b6f9400b8100a851b6f4061431c538b204bb76c501d02c508995cffe0",
      "dependencies": [
        "jsr:@std/path@^1.0.8"
      ]
    },
    "@std/http@1.0.12": {
      "integrity": "85246d8bfe9c8e2538518725b158bdc31f616e0869255f4a8d9e3de919cab2aa",
      "dependencies": [
        "jsr:@std/encoding@^1.0.5"
      ]
    },
    "@std/io@0.225.0": {
      "integrity": "c1db7c5e5a231629b32d64b9a53139445b2ca640d828c26bf23e1c55f8c079b3",
      "dependencies": [
        "jsr:@std/bytes@^1.0.2"
      ]
    },
    "@std/json@0.223.0": {
      "integrity": "9a4a255931dd0397924c6b10bb6a72fe3e28ddd876b981ada2e3b8dd0764163f"
    },
    "@std/json@0.224.0": {
      "integrity": "b7d38d8a8729f9a4074d04a626084825a498db0d385cbc41ad29bce9f8ca01dc"
    },
    "@std/media-types@1.1.0": {
      "integrity": "c9d093f0c05c3512932b330e3cc1fe1d627b301db33a4c2c2185c02471d6eaa4"
    },
    "@std/path@1.0.8": {
      "integrity": "548fa456bb6a04d3c1a1e7477986b6cffbce95102d0bb447c67c4ee70e0364be"
    }
  },
  "npm": {
    "@types/node@22.5.4": {
      "integrity": "sha512-FDuKUJQm/ju9fT/SeX/6+gBzoPzlVCzfzmGkwKvRHQVxi4BntVbyIwf6a4Xn62mrvndLiml6z/UBXIdEVjQLXg==",
      "dependencies": [
        "undici-types"
      ]
    },
    "path-to-regexp@6.3.0": {
      "integrity": "sha512-Yhpw4T9C6hPpgPeA28us07OJeqZ5EzQTkbfwuhsUg0c237RomFoETJgmp2sa3F/41gfLE6G5cqcYwznmeEeOlQ=="
    },
    "undici-types@6.19.8": {
      "integrity": "sha512-ve2KP6f/JnbPBFyobGHuerC9g1FYGn/F8n1LWTwNxCEzd6IfqTwUQcNXgEtmmQ6DlRrC1hrSrBnCZPokRrDHjw=="
    }
  },
  "redirects": {
    "https://deno.land/std/io/bufio.ts": "https://deno.land/std@0.224.0/io/bufio.ts",
    "https://deno.land/std/streams/mod.ts": "https://deno.land/std@0.224.0/streams/mod.ts",
    "https://deno.land/x/faster/mod.ts": "https://deno.land/x/faster@v12.1/mod.ts"
  },
  "remote": {
    "https://deno.land/std@0.224.0/assert/assert.ts": "09d30564c09de846855b7b071e62b5974b001bb72a4b797958fe0660e7849834",
    "https://deno.land/std@0.224.0/assert/assertion_error.ts": "ba8752bd27ebc51f723702fac2f54d3e94447598f54264a6653d6413738a8917",
    "https://deno.land/std@0.224.0/bytes/concat.ts": "86161274b5546a02bdb3154652418efe7af8c9310e8d54107a68aaa148e0f5ed",
    "https://deno.land/std@0.224.0/bytes/copy.ts": "08d85062240a7223e6ec4e2af193ad1a50c59a43f0d86ac3a7b16f3e0d77c028",
    "https://deno.land/std@0.224.0/io/_common.ts": "36705cdb4dfcd338d6131bca1b16e48a4d5bf0d1dada6ce397268e88c17a5835",
    "https://deno.land/std@0.224.0/io/_constants.ts": "3c7ad4695832e6e4a32e35f218c70376b62bc78621ef069a4a0a3d55739f8856",
    "https://deno.land/std@0.224.0/io/buffer.ts": "4d1f805f350433e418002accec798bc6c33ce18f614afa65f987c202d7b2234e",
    "https://deno.land/std@0.224.0/io/iterate_reader.ts": "1e5e4fea22d8965afb7df4ee9ab9adda0a0fc581adbea31bc2f2d25453f8a6e9",
    "https://deno.land/std@0.224.0/io/reader_from_stream_reader.ts": "a75bbc93f39df8b0e372cc1fbdc416a7cbf2a39fc4c09ddb057f1241100191c5",
    "https://deno.land/std@0.224.0/io/to_readable_stream.ts": "ed03a44a1ec1cc55a85a857acf6cac472035298f6f3b6207ea209f93b4aefb39",
    "https://deno.land/std@0.224.0/io/to_writable_stream.ts": "ef422e0425963c8a1e0481674e66c3023da50f0acbe5ef51ec9789efc3c1e2ed",
    "https://deno.land/std@0.224.0/io/types.ts": "acecb3074c730b5ff487ba4fe9ce51e67bd982aa07c95e5f5679b7b2f24ad129",
    "https://deno.land/std@0.224.0/io/write_all.ts": "24aac2312bb21096ae3ae0b102b22c26164d3249dff96dbac130958aa736f038",
    "https://deno.land/std@0.224.0/streams/_common.ts": "948735ef6d140cd6916dca861197b88fc57db52c2f923c392b7a14033d8fed4b",
    "https://deno.land/std@0.224.0/streams/buffer.ts": "e012de72a53ad17c56512488e9afb6f4b6ed046b32fc1415ae7a4e6fc0efce38",
    "https://deno.land/std@0.224.0/streams/byte_slice_stream.ts": "5bbdcadb118390affa9b3d0a0f73ef8e83754f59bb89df349add669dd9369713",
    "https://deno.land/std@0.224.0/streams/delimiter_stream.ts": "4e4050740ff27a8824defa6c96126229ef9d794c4ace4ef9cabb10b5ad4a5d14",
    "https://deno.land/std@0.224.0/streams/early_zip_readable_streams.ts": "21f5cf6dd36381c6a50c31a7727b5bd219f6382bbb7a413418595c3e466c4d14",
    "https://deno.land/std@0.224.0/streams/iterate_reader.ts": "a8e698d16373d49821172f90ec7ac011ef1aae7a4036ae4bace284ff99e2bc92",
    "https://deno.land/std@0.224.0/streams/limited_bytes_transform_stream.ts": "b22a45a337374e863c4eb1867ec6b8ad3e68620a6c52fe837746060ea610e6f1",
    "https://deno.land/std@0.224.0/streams/limited_transform_stream.ts": "4c47da5ca38a30fa9f33b0f1a61d4548e7f52a9a58c294b0f430f680e44cc543",
    "https://deno.land/std@0.224.0/streams/merge_readable_streams.ts": "73eed8ff54c9111b8b974b11a5a11c1ed0b7800e0157c39277ccac3ed14721e2",
    "https://deno.land/std@0.224.0/streams/mod.ts": "d56624832b9649b680c74ab9c77e746e8be81ae1a24756cc04623e25a0d43ce9",
    "https://deno.land/std@0.224.0/streams/readable_stream_from_reader.ts": "64943452485bcba48e203fa8ae61c195aed9ab8b2a178e2fc6a383f761ce010a",
    "https://deno.land/std@0.224.0/streams/reader_from_iterable.ts": "e7b064142b2a97bb562d958c2e4b4d129e923e9c9f2f6e003a4e16cbdcd62570",
    "https://deno.land/std@0.224.0/streams/reader_from_stream_reader.ts": "b3519118ed2a32e3fb6201a4c257d5c4e58c38b5918bdc505a45fccbfa0a53f9",
    "https://deno.land/std@0.224.0/streams/text_delimiter_stream.ts": "94dfc900204e306496c1b58c80473db57b6097afdcb8ea9eaff453a193a659f1",
    "https://deno.land/std@0.224.0/streams/text_line_stream.ts": "21f33d3922e019ec1a1676474beb543929cb564ec99b69cd2654e029e0f45bd5",
    "https://deno.land/std@0.224.0/streams/to_array_buffer.ts": "1a9c07c4a396ce557ab205c44415815ab13b614fed94a12f62b80f8e650c726d",
    "https://deno.land/std@0.224.0/streams/to_blob.ts": "bf5daaae50fa8f57e0c8bfd7474ebac16ac09e130e3d01ef2947ae5153912b4a",
    "https://deno.land/std@0.224.0/streams/to_json.ts": "b6a908d0da7cd30956e5fbbfa7460747e50b8f307d1041282ed6fe9070d579ee",
    "https://deno.land/std@0.224.0/streams/to_text.ts": "6f93593bdfc2cea5cca39755ea5caf0d4092580c0a713dfe04a1e85c60df331f",
    "https://deno.land/std@0.224.0/streams/to_transform_stream.ts": "4c4836455ef89bab9ece55975ee3a819f07d3d8b0e43101ec7f4ed033c8a2b61",
    "https://deno.land/std@0.224.0/streams/writable_stream_from_writer.ts": "527fc1b136fc53a9f0b32641f04a4522c72617fa7ca3778d27ed064f9cd98932",
    "https://deno.land/std@0.224.0/streams/writer_from_stream_writer.ts": "22cba4e5162fc443c7e5ef62f2054674cd6a20f5d7519a62db8d201496463931",
    "https://deno.land/std@0.224.0/streams/zip_readable_streams.ts": "53eb10d7557539b489bd858907aab6dd28247f074b3446573801de3150cb932e",
    "https://deno.land/x/faster@v12.1/deps.ts": "5923fb1a34efea78b24c0c62c5ac482ddb21b8e614b90cf938903e9e1df20144",
    "https://deno.land/x/faster@v12.1/middlewares/logger.ts": "fdfc968267fa73bd1b2e25e9868d7448e7aab7b53942056ac4bac7b1d1198dcd",
    "https://deno.land/x/faster@v12.1/middlewares/parser.ts": "7d0415bc232f190d1411a4a4fa2695bce115b91934db387fbe352b8abb1a49f4",
    "https://deno.land/x/faster@v12.1/middlewares/proxy.ts": "d2d000aa382ca5f336d7fcf4da8dc58bb72aa4b59ab2d63986d13e486e43602a",
    "https://deno.land/x/faster@v12.1/middlewares/rate_limit.ts": "9abc951b7849d82942e3f98dbc34470d3349307e84837fc8d1da00750259f0f0",
    "https://deno.land/x/faster@v12.1/middlewares/redirect.ts": "3062f523d77fb1130bb89218bd1bb3f088c1e322cb54b37af03efd62b7ccd43a",
    "https://deno.land/x/faster@v12.1/middlewares/serve_static.ts": "90d787e233dde70cc329b8bceba95c9647965b306b40871fdbc44eab042b9b83",
    "https://deno.land/x/faster@v12.1/middlewares/session.ts": "6f0bd21346698a140fb26a3161da5088908c8b98bc33c74b36b0c08139b76116",
    "https://deno.land/x/faster@v12.1/middlewares/set_cors.ts": "6972e060722d6a0391ef6c48fc54102edc752ecf300beda717539dfefdb13d68",
    "https://deno.land/x/faster@v12.1/middlewares/token.ts": "a3677c2607e13706cc355264922aeebced53dff654a274448a0f945996abba5e",
    "https://deno.land/x/faster@v12.1/middlewares/upload.ts": "564f03b0a0f0442f9d76629ef3c5ffee4a6b7c8a9d21b0a8609bb95c25fb5a86",
    "https://deno.land/x/faster@v12.1/mod.ts": "93461f3748dae93fd78401c7c0e7c24ded4a0a843c37bfc0c071cfe54f87743e",
    "https://deno.land/x/faster@v12.1/server.ts": "5dce22a5d53c17d269416d2a8b614abfdf12461dc691c79f6e4b5410e5161159",
    "https://deno.land/x/faster@v12.1/vendor/jose/index.ts": "75c79b98e60a945e533e734b318ca18239e216e38ef21aec30d6cf253f87b2a4",
    "https://deno.land/x/faster@v12.1/vendor/jose/jwe/compact/decrypt.ts": "1983e6dd73cae46dfdf2e9a13e41b9fea9fe1d2c433acd56d3c686d219aa6f86",
    "https://deno.land/x/faster@v12.1/vendor/jose/jwe/compact/encrypt.ts": "86351027ace226fc449df6030c54b57e932f016469d659fa6fdc3acb2e6df9a3",
    "https://deno.land/x/faster@v12.1/vendor/jose/jwe/flattened/decrypt.ts": "e925282a39baa9e3dec23cf30090d39289c704a3c6b2a441e522a01a15430204",
    "https://deno.land/x/faster@v12.1/vendor/jose/jwe/flattened/encrypt.ts": "511ba60c836e949084fce73172cb7a6e9da2fba0c865fc7c2a4804b3fa0ea259",
    "https://deno.land/x/faster@v12.1/vendor/jose/jwe/general/decrypt.ts": "291a217b68972373880dc22b58eaa71460b71267cc2bd5729d07f2dd92802c49",
    "https://deno.land/x/faster@v12.1/vendor/jose/jwe/general/encrypt.ts": "e0adb310b758b5872b3823c24804962e2b8adb5750224b4f87d8462481f37924",
    "https://deno.land/x/faster@v12.1/vendor/jose/jwk/embedded.ts": "6915030fa895a06d3ff17379b1f03500b093d5da6ce8b6c6156e16583b69f402",
    "https://deno.land/x/faster@v12.1/vendor/jose/jwk/thumbprint.ts": "b2933a34f84b0afc8d2d107db1d2950d6f5f8d89bd1063fa9d71093260162d06",
    "https://deno.land/x/faster@v12.1/vendor/jose/jwks/local.ts": "305e06cedf898a161d17a52a5f25eadff5f79c101ebed5632e2555d36a512ed4",
    "https://deno.land/x/faster@v12.1/vendor/jose/jwks/remote.ts": "3e692e9f2ab382a6f0a392d99e2aacfc3fd1395d52fa8cad2696f712e7dbd1c2",
    "https://deno.land/x/faster@v12.1/vendor/jose/jws/compact/sign.ts": "978985633f119d8862818b8d7adbfeb8fadd62a970e0d0e1a4ea5ab5107d5918",
    "https://deno.land/x/faster@v12.1/vendor/jose/jws/compact/verify.ts": "7c6abc7ab26c4488c2c4c11b312a114c81315894e877b181ce4ceef00b8b6ffe",
    "https://deno.land/x/faster@v12.1/vendor/jose/jws/flattened/sign.ts": "e8ad1b84682af0ebf302804e8b1a5934a34cf62bafa5d6185a48eb34a7a06f42",
    "https://deno.land/x/faster@v12.1/vendor/jose/jws/flattened/verify.ts": "c34a66e33dd2cea5d5587505eed87bef9f88da861f7c33eb3e7f5a0a4aa89a38",
    "https://deno.land/x/faster@v12.1/vendor/jose/jws/general/sign.ts": "4e9a1a27905fb8e3590a35c2c4c30505090bc0159f50d7d7a424f55d1382a28d",
    "https://deno.land/x/faster@v12.1/vendor/jose/jws/general/verify.ts": "2fc8930073b6719e3878b7cffd7bc9bcba7c30259e391a591236553d4462ed97",
    "https://deno.land/x/faster@v12.1/vendor/jose/jwt/decrypt.ts": "7b8474adf38230d4e5d0bf7970f7ca8abf83123dbcebbaf186603e5958c12af1",
    "https://deno.land/x/faster@v12.1/vendor/jose/jwt/encrypt.ts": "0766604da3d232c5007ca3888dfecb2ee45f83a2a78fb5bb46ab3623ac693afd",
    "https://deno.land/x/faster@v12.1/vendor/jose/jwt/produce.ts": "85ff818208f20c95e4f31d6bb440620307f4c5ed21d8d17e24f22c2857cb36e1",
    "https://deno.land/x/faster@v12.1/vendor/jose/jwt/sign.ts": "d7d0991cecf369466b294e47a1a30c12fdbb416bc5a2da0c37925197f2bdfea6",
    "https://deno.land/x/faster@v12.1/vendor/jose/jwt/unsecured.ts": "bb91cdceb8934d028da9e82d6bcc318777bcfb77f873de71b2a08f5d46ac743b",
    "https://deno.land/x/faster@v12.1/vendor/jose/jwt/verify.ts": "4083f7648c076b50ef38063684f42e9f3b0e1b48f960335b5e4e12ddc2319776",
    "https://deno.land/x/faster@v12.1/vendor/jose/key/export.ts": "536ffe46080a7db1691f8acf3574502ef7dbe5fe65f75700e89e8a44488659df",
    "https://deno.land/x/faster@v12.1/vendor/jose/key/generate_key_pair.ts": "5ab4edbc3edfe88d2c641541bba2d217aeb92a3a4133473a60281ed9c3cdbbdf",
    "https://deno.land/x/faster@v12.1/vendor/jose/key/generate_secret.ts": "25f4067f4742b89e71334a92e87571df01c76bb156afda94ea68b48a9db564a8",
    "https://deno.land/x/faster@v12.1/vendor/jose/key/import.ts": "68b87df922348b32cc88038d9793046bd3d43c31701a4c8d3c02396cd9de7a4b",
    "https://deno.land/x/faster@v12.1/vendor/jose/lib/aesgcmkw.ts": "caedd85a8d66422408473a61e1792678562f99aee5312443e62bb2bd92a558fb",
    "https://deno.land/x/faster@v12.1/vendor/jose/lib/buffer_utils.ts": "1dc739ccd54f6921fe75016269a9e9c17b4bedb02a64852759182cbfa82d0453",
    "https://deno.land/x/faster@v12.1/vendor/jose/lib/cek.ts": "5c40e9d3e7e034d15d58fd0bf212d7999ea9bb3aa1925c60c4de97c791ff4b29",
    "https://deno.land/x/faster@v12.1/vendor/jose/lib/check_iv_length.ts": "2cafa33aad9bb7fd2a3071154d82d91079cdff8585302399753f6b0ab9cd020b",
    "https://deno.land/x/faster@v12.1/vendor/jose/lib/check_key_type.ts": "aba0234898fdc25f704034f2c7c4c428b717294a0de63a6c2f0ea3d148d47c2a",
    "https://deno.land/x/faster@v12.1/vendor/jose/lib/check_p2s.ts": "9f9381ed98d31aa17b8f2af9e1a8b7db08e35315ac5836e1c0b20eb6dd126881",
    "https://deno.land/x/faster@v12.1/vendor/jose/lib/crypto_key.ts": "75e30e99759ff8e17e5def4a3796c80f4d88ae3b5bc1ee585733ea6ee4b4ea2a",
    "https://deno.land/x/faster@v12.1/vendor/jose/lib/decrypt_key_management.ts": "7022413c9812e1a25a982a72f3a758dc4dd491f5f8a544438108d8a2e352beab",
    "https://deno.land/x/faster@v12.1/vendor/jose/lib/encrypt_key_management.ts": "9705c236076ff41e61c794af3b7781cd214bd4d2134b4d1305d6c7043379552f",
    "https://deno.land/x/faster@v12.1/vendor/jose/lib/epoch.ts": "f087108eddbb52651f5f082cb8f38c1573feb38a7f5ce6f4d3b39083ecbb9b9d",
    "https://deno.land/x/faster@v12.1/vendor/jose/lib/format_pem.ts": "6605658a5ecc5344f52e7edde7e22a5f95f2e13dae2019cb5d63f86469a9f201",
    "https://deno.land/x/faster@v12.1/vendor/jose/lib/invalid_key_input.ts": "83c38515b9ebad8ee5a48c05d9a8bd07f6d204ecd1413a982b82da7bec877020",
    "https://deno.land/x/faster@v12.1/vendor/jose/lib/is_disjoint.ts": "c4207f5ad0560ff45ff0f4bd6769afffe4c200c5ab97287059806c9c4594de3c",
    "https://deno.land/x/faster@v12.1/vendor/jose/lib/is_jwk.ts": "63bf69ea89680bf893f218d1e6d1eda483f0e468736e54e8d1d70652c0581821",
    "https://deno.land/x/faster@v12.1/vendor/jose/lib/is_object.ts": "43650a98216148412eda04cf84ebde502b9640202af226e53454b21ce6d5aa89",
    "https://deno.land/x/faster@v12.1/vendor/jose/lib/iv.ts": "468175fd3833be225cbc92d984b2d352852e2bf20571e0addaa369fdee577412",
    "https://deno.land/x/faster@v12.1/vendor/jose/lib/jwt_claims_set.ts": "43dacdb4bf699e891721876aa8c53f3a1db89cfd4798f3983e7af43c9529e5ac",
    "https://deno.land/x/faster@v12.1/vendor/jose/lib/private_symbols.ts": "b99d79c797549a1ab957bb75abfc12cc95ec74b429ea63eeba14abf2fcd138f7",
    "https://deno.land/x/faster@v12.1/vendor/jose/lib/secs.ts": "be9a6af3341db4e48b736d3b67c655473e114056b47e12868b2f30d101740402",
    "https://deno.land/x/faster@v12.1/vendor/jose/lib/validate_algorithms.ts": "1c0f145dfd06269f1ffe99904d475597007f31191093f44e6824775ad1cef242",
    "https://deno.land/x/faster@v12.1/vendor/jose/lib/validate_crit.ts": "93bd9702a8ba9a2480c775a2cec2d95a3dcb3742b7023cd6630a6a307ddb1503",
    "https://deno.land/x/faster@v12.1/vendor/jose/runtime/aeskw.ts": "e273944e85a02e61b8dcbf4f1821d9d68f2c6560a92b35038dbc77337a65170c",
    "https://deno.land/x/faster@v12.1/vendor/jose/runtime/asn1.ts": "ffbf16158b2e394ea32ffc3ab313d6bb7eab4416d5db5b4450c6aaee1f0dc9b5",
    "https://deno.land/x/faster@v12.1/vendor/jose/runtime/base64url.ts": "5ca490aada9b54c247d2109a9eaad1a0904a767df623a96529f629ffa4fa356e",
    "https://deno.land/x/faster@v12.1/vendor/jose/runtime/bogus.ts": "798e36987bf348d65656c72dae67a33ffa0d873f6ded7a538f6677827f046b73",
    "https://deno.land/x/faster@v12.1/vendor/jose/runtime/check_cek_length.ts": "764be84730d07b6fa7e223834d09f278bc26e6b6363094e0c644c727e4568538",
    "https://deno.land/x/faster@v12.1/vendor/jose/runtime/check_key_length.ts": "a8a948c8e92c76d94f8f165667205101eb5b01ecd387c93bca31325e95fbd6ab",
    "https://deno.land/x/faster@v12.1/vendor/jose/runtime/decrypt.ts": "a84aa0e43c36d0504bc0dbc900c7e91176fb9831c0c6cdaf02b0033f87278542",
    "https://deno.land/x/faster@v12.1/vendor/jose/runtime/digest.ts": "eaca0596b65fe021784079cdbd97c9e7c477cace59e1f71d922a862db4261540",
    "https://deno.land/x/faster@v12.1/vendor/jose/runtime/ecdhes.ts": "03ba10a2556f47cded27ade6d599178482726c9a06de034b17ff71af4947d6ec",
    "https://deno.land/x/faster@v12.1/vendor/jose/runtime/encrypt.ts": "bc0b8052186b09b39c4ce1e10d9080799ff0d1e2cc110045d4645a040a5af8be",
    "https://deno.land/x/faster@v12.1/vendor/jose/runtime/fetch_jwks.ts": "4a8bcca74e91cbf80a01264a75790e22e3248ad5183c6bf92f1472d9d9fa96b3",
    "https://deno.land/x/faster@v12.1/vendor/jose/runtime/generate.ts": "9a0f8a4e1d4a4b94cf7413a9556e33f9fdd7d02bb7aef6c4bf2f94d0dbf89789",
    "https://deno.land/x/faster@v12.1/vendor/jose/runtime/get_sign_verify_key.ts": "dfd1d283ff368f9072044e1617b06bf7684d72dd853a37af7e278ac9fcac0f7f",
    "https://deno.land/x/faster@v12.1/vendor/jose/runtime/is_key_like.ts": "223121ecb2b6721c61a04c4a62596784817826541042552775f70095aa2aa9db",
    "https://deno.land/x/faster@v12.1/vendor/jose/runtime/jwk_to_key.ts": "63d0b7a916f53cf8f99a94c2db4e8628b480f763c5c7c42220800e8b6c43b9bd",
    "https://deno.land/x/faster@v12.1/vendor/jose/runtime/key_to_jwk.ts": "5c1b08f7a6b1df79e953ea6225a5796558041385d1c59929c3712c29c0c4db8c",
    "https://deno.land/x/faster@v12.1/vendor/jose/runtime/normalize_key.ts": "6f79177feecc4924c32c10343ff777c2c7ad480cf64ccc9e7501735b95d0e7d4",
    "https://deno.land/x/faster@v12.1/vendor/jose/runtime/pbes2kw.ts": "374f0dd6a19c59cf14660f9e821f532fa0e5dc7ed953478c7974c55e93680e22",
    "https://deno.land/x/faster@v12.1/vendor/jose/runtime/random.ts": "45175a8d64065df51e5d95149b0aa0641e76565f7de352f475f242092335b765",
    "https://deno.land/x/faster@v12.1/vendor/jose/runtime/rsaes.ts": "eb7ce84b802ef4451ebe39ac87451ba2bda8006d40802071ac10b3fc284f332e",
    "https://deno.land/x/faster@v12.1/vendor/jose/runtime/runtime.ts": "e5ebf9e551285977d6cbaf54a3629e96adc259cbf19ef3d6e5e4e1e3ef689db7",
    "https://deno.land/x/faster@v12.1/vendor/jose/runtime/sign.ts": "6f48b1769c5823d1ad181e4b66e5f04526a35281c8e95b095c3c1eb25cde68e8",
    "https://deno.land/x/faster@v12.1/vendor/jose/runtime/subtle_dsa.ts": "e27debcb87579bfd43e80398dddf4f7fb1a62fc081be4fb0b7849ad7ca6fc025",
    "https://deno.land/x/faster@v12.1/vendor/jose/runtime/subtle_rsaes.ts": "dc82a5df7f96624b17089f82b123b0c018440038129a815e23056b474dc036b1",
    "https://deno.land/x/faster@v12.1/vendor/jose/runtime/timing_safe_equal.ts": "56d8f292d3b1c9a92f2e2b83c15a7dee4b74f0be54c965575b9723314db8c21f",
    "https://deno.land/x/faster@v12.1/vendor/jose/runtime/verify.ts": "a8582834cf7b4fe3f232fbfc28866b4bab976a55731d6bade13808c2e223ce37",
    "https://deno.land/x/faster@v12.1/vendor/jose/runtime/webcrypto.ts": "e419a7d9c2c6437aa8de645e4b31f424c0d4f0a5882b051b471198fef55c1f5f",
    "https://deno.land/x/faster@v12.1/vendor/jose/util/base64url.ts": "6745f48cfd85b4f7d050c20d145f82b4e243976aa16a24bd0354590bece9af31",
    "https://deno.land/x/faster@v12.1/vendor/jose/util/decode_jwt.ts": "df87f39a093e7d9385070f750883dc53761db2841b027fb183fedeade357213a",
    "https://deno.land/x/faster@v12.1/vendor/jose/util/decode_protected_header.ts": "3bed7c0941ca3c97576c902f6fe86406c07db2d4e339dafe911a1bc9b7f0e58c",
    "https://deno.land/x/faster@v12.1/vendor/jose/util/errors.ts": "9166986a3397a27eeb8aff5b330f85d31f62d6fce36329e84c0c4451a9de0c45",
    "https://deno.land/x/faster@v12.1/vendor/jose/util/runtime.ts": "32927c49790f98f81980cdb6b291c22fa90b91662ce5edb992c0142530a2d6bc",
    "https://deno.land/x/mrmime@v2.0.0/mod.ts": "8d377b8a3b929f04ee035988baacb06843dd7bf6de543a00bb312de488d9207a"
  }
}
